
Microsoft Visual Studio Solution File, Format Version 12.00
# Visual Studio Version 16
VisualStudioVersion = 16.0.29306.81
MinimumVisualStudioVersion = 10.0.40219.1
Project("{FAE04EC0-301F-11D3-BF4B-00C04F79EFBC}") = "Excecoes_Personalizadas", "Excecoes_Personalizadas\Excecoes_Personalizadas.csproj", "{A92C4718-F896-407C-939F-086C13CD59AB}"
EndProject
Global
	GlobalSection(SolutionConfigurationPlatforms) = preSolution
		Debug|Any CPU = Debug|Any CPU
		Release|Any CPU = Release|Any CPU
	EndGlobalSection
	GlobalSection(ProjectConfigurationPlatforms) = postSolution
		{A92C4718-F896-407C-939F-086C13CD59AB}.Debug|Any CPU.ActiveCfg = Debug|Any CPU
		{A92C4718-F896-407C-939F-086C13CD59AB}.Debug|Any CPU.Build.0 = Debug|Any CPU
		{A92C4718-F896-407C-939F-086C13CD59AB}.Release|Any CPU.ActiveCfg = Release|Any CPU
		{A92C4718-F896-407C-939F-086C13CD59AB}.Release|Any CPU.Build.0 = Release|Any CPU
	EndGlobalSection
	GlobalSection(SolutionProperties) = preSolution
		HideSolutionNode = FALSE
	EndGlobalSection
	GlobalSection(ExtensibilityGlobals) = postSolution
		SolutionGuid = {977445B5-AB99-4021-A461-9DA4676961C2}
	EndGlobalSection
EndGlobal
